// !$*UTF8*$!
{
	archiveVersion = 1;
	classes = {
	};
	objectVersion = 77;
	objects = {

/* Begin PBXBuildFile section */
		AABB000000000004 /* Embeddings in Frameworks */ = {isa = PBXBuildFile; platformFilters = (macos, ); productRef = AABB000000000001 /* Embeddings */; };
		AABB000000000005 /* MLTensorUtils in Frameworks */ = {isa = PBXBuildFile; platformFilters = (macos, ); productRef = AABB000000000002 /* MLTensorUtils */; };
		AABB000000000006 /* USearch in Frameworks */ = {isa = PBXBuildFile; platformFilters = (macos, ); productRef = AABB000000000003 /* USearch */; };
		E205F3532FF4E9B900A61BEB /* Embeddings in Frameworks */ = {isa = PBXBuildFile; productRef = E205F3522FF4E9B900A61BEB /* Embeddings */; };
		E205F3572FF4EC5B00A61BEB /* mcpnotes-embeddings.xpc in CopyFiles */ = {isa = PBXBuildFile; fileRef = E205F33C2FF4E70400A61BEB /* mcpnotes-embeddings.xpc */; settings = {ATTRIBUTES = (RemoveHeadersOnCopy, ); }; };
		E29098AA2FA7341600C4C0FD /* MCP in Frameworks */ = {isa = PBXBuildFile; platformFilters = (macos, ); productRef = E29098A92FA7341600C4C0FD /* MCP */; };
		E290A00B2FA72B6C00C4C0FD /* MCP in Frameworks */ = {isa = PBXBuildFile; productRef = E290A00A2FA72B6C00C4C0FD /* MCP */; };
		E290C0062FA72B6C00C4C0FD /* USearch in Frameworks */ = {isa = PBXBuildFile; productRef = E290C0032FA72B6C00C4C0FD /* USearch */; };
		E290E0022FA72B6C00C4C0FD /* MCP in Frameworks */ = {isa = PBXBuildFile; productRef = E290E0062FA72B6C00C4C0FD /* MCP */; };
		E290E0032FA72B6C00C4C0FD /* Embeddings in Frameworks */ = {isa = PBXBuildFile; productRef = E290E0072FA72B6C00C4C0FD /* Embeddings */; };
		E290E0042FA72B6C00C4C0FD /* MLTensorUtils in Frameworks */ = {isa = PBXBuildFile; productRef = E290E0082FA72B6C00C4C0FD /* MLTensorUtils */; };
		E290E0052FA72B6C00C4C0FD /* USearch in Frameworks */ = {isa = PBXBuildFile; productRef = E290E0092FA72B6C00C4C0FD /* USearch */; };
		E290F0012FA72B6C00C4C0FD /* mcpnotes-server in Copy Server Executable */ = {isa = PBXBuildFile; fileRef = E290A0012FA72B6C00C4C0FD /* mcpnotes-server */; settings = {ATTRIBUTES = (CodeSignOnCopy, ); }; };
/* End PBXBuildFile section */

/* Begin PBXContainerItemProxy section */
		E205F3542FF4EB1700A61BEB /* PBXContainerItemProxy */ = {
			isa = PBXContainerItemProxy;
			containerPortal = E29098762FA72B6C00C4C0FD /* Project object */;
			proxyType = 1;
			remoteGlobalIDString = E205F33B2FF4E70400A61BEB;
			remoteInfo = "mcpnotes-embeddings";
		};
		E290988C2FA72B6E00C4C0FD /* PBXContainerItemProxy */ = {
			isa = PBXContainerItemProxy;
			containerPortal = E29098762FA72B6C00C4C0FD /* Project object */;
			proxyType = 1;
			remoteGlobalIDString = E290987D2FA72B6C00C4C0FD;
			remoteInfo = "mcpnotes-app";
		};
		E29098962FA72B6E00C4C0FD /* PBXContainerItemProxy */ = {
			isa = PBXContainerItemProxy;
			containerPortal = E29098762FA72B6C00C4C0FD /* Project object */;
			proxyType = 1;
			remoteGlobalIDString = E290987D2FA72B6C00C4C0FD;
			remoteInfo = "mcpnotes-app";
		};
		E290D00B2FA72B6C00C4C0FD /* PBXContainerItemProxy */ = {
			isa = PBXContainerItemProxy;
			containerPortal = E29098762FA72B6C00C4C0FD /* Project object */;
			proxyType = 1;
			remoteGlobalIDString = E290A0032FA72B6C00C4C0FD;
			remoteInfo = "mcpnotes-server";
		};
		E290F0032FA72B6C00C4C0FD /* PBXContainerItemProxy */ = {
			isa = PBXContainerItemProxy;
			containerPortal = E29098762FA72B6C00C4C0FD /* Project object */;
			proxyType = 1;
			remoteGlobalIDString = E290A0032FA72B6C00C4C0FD;
			remoteInfo = "mcpnotes-server";
		};
/* End PBXContainerItemProxy section */

/* Begin PBXCopyFilesBuildPhase section */
		E205F3562FF4EC2C00A61BEB /* CopyFiles */ = {
			isa = PBXCopyFilesBuildPhase;
			buildActionMask = 2147483647;
			dstPath = "$(CONTENTS_FOLDER_PATH)/XPCServices";
			dstSubfolderSpec = 16;
			files = (
				E205F3572FF4EC5B00A61BEB /* mcpnotes-embeddings.xpc in CopyFiles */,
			);
			runOnlyForDeploymentPostprocessing = 0;
		};
		E290F0022FA72B6C00C4C0FD /* Copy Server Executable */ = {
			isa = PBXCopyFilesBuildPhase;
			buildActionMask = 2147483647;
			dstPath = "";
			dstSubfolderSpec = 6;
			files = (
				E290F0012FA72B6C00C4C0FD /* mcpnotes-server in Copy Server Executable */,
			);
			name = "Copy Server Executable";
			runOnlyForDeploymentPostprocessing = 0;
		};
/* End PBXCopyFilesBuildPhase section */

/* Begin PBXFileReference section */
		E205F33C2FF4E70400A61BEB /* mcpnotes-embeddings.xpc */ = {isa = PBXFileReference; explicitFileType = "wrapper.xpc-service"; includeInIndex = 0; path = "mcpnotes-embeddings.xpc"; sourceTree = BUILT_PRODUCTS_DIR; };
		E290987E2FA72B6C00C4C0FD /* MCP Notes.app */ = {isa = PBXFileReference; explicitFileType = wrapper.application; includeInIndex = 0; path = "MCP Notes.app"; sourceTree = BUILT_PRODUCTS_DIR; };
		E290988B2FA72B6E00C4C0FD /* mcpnotes-appTests.xctest */ = {isa = PBXFileReference; explicitFileType = wrapper.cfbundle; includeInIndex = 0; path = "mcpnotes-appTests.xctest"; sourceTree = BUILT_PRODUCTS_DIR; };
		E29098952FA72B6E00C4C0FD /* mcpnotes-appUITests.xctest */ = {isa = PBXFileReference; explicitFileType = wrapper.cfbundle; includeInIndex = 0; path = "mcpnotes-appUITests.xctest"; sourceTree = BUILT_PRODUCTS_DIR; };
		E290A0012FA72B6C00C4C0FD /* mcpnotes-server */ = {isa = PBXFileReference; explicitFileType = "compiled.mach-o.executable"; includeInIndex = 0; path = "mcpnotes-server"; sourceTree = BUILT_PRODUCTS_DIR; };
		E290D0012FA72B6C00C4C0FD /* mcpnotes-serverTests.xctest */ = {isa = PBXFileReference; explicitFileType = wrapper.cfbundle; includeInIndex = 0; path = "mcpnotes-serverTests.xctest"; sourceTree = BUILT_PRODUCTS_DIR; };
/* End PBXFileReference section */

/* Begin PBXFileSystemSynchronizedBuildFileExceptionSet section */
		E205F34B2FF4E70400A61BEB /* Exceptions for "mcpnotes-embeddings" folder in "mcpnotes-embeddings" target */ = {
			isa = PBXFileSystemSynchronizedBuildFileExceptionSet;
			membershipExceptions = (
				Info.plist,
			);
			target = E205F33B2FF4E70400A61BEB /* mcpnotes-embeddings */;
		};
		E2FFA165300B68BC00464C62 /* Exceptions for "mcpnotes-app" folder in "mcpnotes-app" target */ = {
			isa = PBXFileSystemSynchronizedBuildFileExceptionSet;
			platformFiltersByRelativePath = {
				NoteIndexer/EmbeddingXPCProtocol.swift = (macos, );
				NoteIndexer/IndexDatabase.swift = (macos, );
				NoteIndexer/NoteEmbedding.swift = (macos, );
				NoteIndexer/NoteIndexer.swift = (macos, );
				NoteIndexer/XPCNoteEmbedder.swift = (macos, );
				"Views/Editor/MarkdownTextViewRepresentable+iOS.swift" = (ios, );
				"Views/Editor/MarkdownTextViewRepresentable+macOS.swift" = (macos, );
				Views/Settings/ImportSettingsView.swift = (macos, );
				Views/Settings/MCPSettingsView.swift = (macos, );
				Views/Settings/RAGSettingsView.swift = (macos, );
				Views/Settings/SettingsView.swift = (macos, );
				Views/Settings/StorageSettingsView.swift = (macos, );
				Views/WikilinkGraph/GraphSKScene.swift = (macos, );
				Views/WikilinkGraph/GraphSKView.swift = (macos, );
				Views/WikilinkGraph/WikilinkGraphView.swift = (macos, );
			};
			target = E290987D2FA72B6C00C4C0FD /* mcpnotes-app */;
		};
		E2FFA166300B68BC00464C63 /* Exceptions for "mcpnotes-appTests" folder in "mcpnotes-appTests" target */ = {
			isa = PBXFileSystemSynchronizedBuildFileExceptionSet;
			platformFiltersByRelativePath = {
				MockNoteEmbedder.swift = (macos, );
				NoteIndexerBM25Tests.swift = (macos, );
				NoteIndexerIncrementalSyncTests.swift = (macos, );
				NoteIndexerIntegrationTests.swift = (macos, );
				NoteIndexerLoadFromDiskTests.swift = (macos, );
				NoteIndexerTests.swift = (macos, );
				NoteIndexerWikilinkTests.swift = (macos, );
			};
			target = E290988A2FA72B6E00C4C0FD /* mcpnotes-appTests */;
		};
/* End PBXFileSystemSynchronizedBuildFileExceptionSet section */

/* Begin PBXFileSystemSynchronizedRootGroup section */
		E205F33D2FF4E70400A61BEB /* mcpnotes-embeddings */ = {
			isa = PBXFileSystemSynchronizedRootGroup;
			exceptions = (
				E205F34B2FF4E70400A61BEB /* Exceptions for "mcpnotes-embeddings" folder in "mcpnotes-embeddings" target */,
			);
			path = "mcpnotes-embeddings";
			sourceTree = "<group>";
		};
		E29098802FA72B6C00C4C0FD /* mcpnotes-app */ = {
			isa = PBXFileSystemSynchronizedRootGroup;
			exceptions = (
				E2FFA165300B68BC00464C62 /* Exceptions for "mcpnotes-app" folder in "mcpnotes-app" target */,
			);
			path = "mcpnotes-app";
			sourceTree = "<group>";
		};
		E290988E2FA72B6E00C4C0FD /* mcpnotes-appTests */ = {
			isa = PBXFileSystemSynchronizedRootGroup;
			exceptions = (
				E2FFA166300B68BC00464C63 /* Exceptions for "mcpnotes-appTests" folder in "mcpnotes-appTests" target */,
			);
			path = "mcpnotes-appTests";
			sourceTree = "<group>";
		};
		E29098982FA72B6E00C4C0FD /* mcpnotes-appUITests */ = {
			isa = PBXFileSystemSynchronizedRootGroup;
			path = "mcpnotes-appUITests";
			sourceTree = "<group>";
		};
		E290A0022FA72B6C00C4C0FD /* mcpnotes-server */ = {
			isa = PBXFileSystemSynchronizedRootGroup;
			path = "mcpnotes-server";
			sourceTree = "<group>";
		};
		E290D0022FA72B6C00C4C0FD /* mcpnotes-serverTests */ = {
			isa = PBXFileSystemSynchronizedRootGroup;
			path = "mcpnotes-serverTests";
			sourceTree = "<group>";
		};
/* End PBXFileSystemSynchronizedRootGroup section */

/* Begin PBXFrameworksBuildPhase section */
		E205F3392FF4E70400A61BEB /* Frameworks */ = {
			isa = PBXFrameworksBuildPhase;
			buildActionMask = 2147483647;
			files = (
				E205F3532FF4E9B900A61BEB /* Embeddings in Frameworks */,
			);
			runOnlyForDeploymentPostprocessing = 0;
		};
		E290987B2FA72B6C00C4C0FD /* Frameworks */ = {
			isa = PBXFrameworksBuildPhase;
			buildActionMask = 2147483647;
			files = (
				E29098AA2FA7341600C4C0FD /* MCP in Frameworks */,
				AABB000000000004 /* Embeddings in Frameworks */,
				AABB000000000005 /* MLTensorUtils in Frameworks */,
				AABB000000000006 /* USearch in Frameworks */,
			);
			runOnlyForDeploymentPostprocessing = 0;
		};
		E29098882FA72B6E00C4C0FD /* Frameworks */ = {
			isa = PBXFrameworksBuildPhase;
			buildActionMask = 2147483647;
			files = (
			);
			runOnlyForDeploymentPostprocessing = 0;
		};
		E29098922FA72B6E00C4C0FD /* Frameworks */ = {
			isa = PBXFrameworksBuildPhase;
			buildActionMask = 2147483647;
			files = (
			);
			runOnlyForDeploymentPostprocessing = 0;
		};
		E290A0052FA72B6C00C4C0FD /* Frameworks */ = {
			isa = PBXFrameworksBuildPhase;
			buildActionMask = 2147483647;
			files = (
				E290A00B2FA72B6C00C4C0FD /* MCP in Frameworks */,
				E290C0062FA72B6C00C4C0FD /* USearch in Frameworks */,
			);
			runOnlyForDeploymentPostprocessing = 0;
		};
		E290D0052FA72B6C00C4C0FD /* Frameworks */ = {
			isa = PBXFrameworksBuildPhase;
			buildActionMask = 2147483647;
			files = (
				E290E0022FA72B6C00C4C0FD /* MCP in Frameworks */,
				E290E0032FA72B6C00C4C0FD /* Embeddings in Frameworks */,
				E290E0042FA72B6C00C4C0FD /* MLTensorUtils in Frameworks */,
				E290E0052FA72B6C00C4C0FD /* USearch in Frameworks */,
			);
			runOnlyForDeploymentPostprocessing = 0;
		};
/* End PBXFrameworksBuildPhase section */

/* Begin PBXGroup section */
		E29098752FA72B6C00C4C0FD = {
			isa = PBXGroup;
			children = (
				E29098802FA72B6C00C4C0FD /* mcpnotes-app */,
				E290A0022FA72B6C00C4C0FD /* mcpnotes-server */,
				E290988E2FA72B6E00C4C0FD /* mcpnotes-appTests */,
				E29098982FA72B6E00C4C0FD /* mcpnotes-appUITests */,
				E290D0022FA72B6C00C4C0FD /* mcpnotes-serverTests */,
				E205F33D2FF4E70400A61BEB /* mcpnotes-embeddings */,
				E29098F42FA9BA6A00C4C0FD /* Frameworks */,
				E290987F2FA72B6C00C4C0FD /* Products */,
			);
			sourceTree = "<group>";
		};
		E290987F2FA72B6C00C4C0FD /* Products */ = {
			isa = PBXGroup;
			children = (
				E290987E2FA72B6C00C4C0FD /* MCP Notes.app */,
				E290A0012FA72B6C00C4C0FD /* mcpnotes-server */,
				E290D0012FA72B6C00C4C0FD /* mcpnotes-serverTests.xctest */,
				E290988B2FA72B6E00C4C0FD /* mcpnotes-appTests.xctest */,
				E29098952FA72B6E00C4C0FD /* mcpnotes-appUITests.xctest */,
				E205F33C2FF4E70400A61BEB /* mcpnotes-embeddings.xpc */,
			);
			name = Products;
			sourceTree = "<group>";
		};
		E29098F42FA9BA6A00C4C0FD /* Frameworks */ = {
			isa = PBXGroup;
			children = (
			);
			name = Frameworks;
			sourceTree = "<group>";
		};
/* End PBXGroup section */

/* Begin PBXNativeTarget section */
		E205F33B2FF4E70400A61BEB /* mcpnotes-embeddings */ = {
			isa = PBXNativeTarget;
			buildConfigurationList = E205F34C2FF4E70400A61BEB /* Build configuration list for PBXNativeTarget "mcpnotes-embeddings" */;
			buildPhases = (
				E205F3382FF4E70400A61BEB /* Sources */,
				E205F3392FF4E70400A61BEB /* Frameworks */,
				E205F33A2FF4E70400A61BEB /* Resources */,
			);
			buildRules = (
			);
			dependencies = (
			);
			fileSystemSynchronizedGroups = (
				E205F33D2FF4E70400A61BEB /* mcpnotes-embeddings */,
			);
			name = "mcpnotes-embeddings";
			packageProductDependencies = (
				E205F3522FF4E9B900A61BEB /* Embeddings */,
			);
			productName = "mcpnotes-embeddings";
			productReference = E205F33C2FF4E70400A61BEB /* mcpnotes-embeddings.xpc */;
			productType = "com.apple.product-type.xpc-service";
		};
		E290987D2FA72B6C00C4C0FD /* mcpnotes-app */ = {
			isa = PBXNativeTarget;
			buildConfigurationList = E290989F2FA72B6E00C4C0FD /* Build configuration list for PBXNativeTarget "mcpnotes-app" */;
			buildPhases = (
				E290987A2FA72B6C00C4C0FD /* Sources */,
				E290987B2FA72B6C00C4C0FD /* Frameworks */,
				E290987C2FA72B6C00C4C0FD /* Resources */,
				E290F0022FA72B6C00C4C0FD /* Copy Server Executable */,
				E205F3562FF4EC2C00A61BEB /* CopyFiles */,
			);
			buildRules = (
			);
			dependencies = (
				E205F3552FF4EB1700A61BEB /* PBXTargetDependency */,
				E290F0042FA72B6C00C4C0FD /* PBXTargetDependency */,
			);
			fileSystemSynchronizedGroups = (
				E29098802FA72B6C00C4C0FD /* mcpnotes-app */,
			);
			name = "mcpnotes-app";
			packageProductDependencies = (
				E29098A92FA7341600C4C0FD /* MCP */,
				AABB000000000001 /* Embeddings */,
				AABB000000000002 /* MLTensorUtils */,
				AABB000000000003 /* USearch */,
			);
			productName = "mcpnotes-app";
			productReference = E290987E2FA72B6C00C4C0FD /* MCP Notes.app */;
			productType = "com.apple.product-type.application";
		};
		E290988A2FA72B6E00C4C0FD /* mcpnotes-appTests */ = {
			isa = PBXNativeTarget;
			buildConfigurationList = E29098A22FA72B6E00C4C0FD /* Build configuration list for PBXNativeTarget "mcpnotes-appTests" */;
			buildPhases = (
				E29098872FA72B6E00C4C0FD /* Sources */,
				E29098882FA72B6E00C4C0FD /* Frameworks */,
				E29098892FA72B6E00C4C0FD /* Resources */,
			);
			buildRules = (
			);
			dependencies = (
				E290988D2FA72B6E00C4C0FD /* PBXTargetDependency */,
			);
			fileSystemSynchronizedGroups = (
				E290988E2FA72B6E00C4C0FD /* mcpnotes-appTests */,
			);
			name = "mcpnotes-appTests";
			packageProductDependencies = (
			);
			productName = "mcpnotes-appTests";
			productReference = E290988B2FA72B6E00C4C0FD /* mcpnotes-appTests.xctest */;
			productType = "com.apple.product-type.bundle.unit-test";
		};
		E29098942FA72B6E00C4C0FD /* mcpnotes-appUITests */ = {
			isa = PBXNativeTarget;
			buildConfigurationList = E29098A52FA72B6E00C4C0FD /* Build configuration list for PBXNativeTarget "mcpnotes-appUITests" */;
			buildPhases = (
				E29098912FA72B6E00C4C0FD /* Sources */,
				E29098922FA72B6E00C4C0FD /* Frameworks */,
				E29098932FA72B6E00C4C0FD /* Resources */,
			);
			buildRules = (
			);
			dependencies = (
				E29098972FA72B6E00C4C0FD /* PBXTargetDependency */,
			);
			fileSystemSynchronizedGroups = (
				E29098982FA72B6E00C4C0FD /* mcpnotes-appUITests */,
			);
			name = "mcpnotes-appUITests";
			packageProductDependencies = (
			);
			productName = "mcpnotes-appUITests";
			productReference = E29098952FA72B6E00C4C0FD /* mcpnotes-appUITests.xctest */;
			productType = "com.apple.product-type.bundle.ui-testing";
		};
		E290A0032FA72B6C00C4C0FD /* mcpnotes-server */ = {
			isa = PBXNativeTarget;
			buildConfigurationList = E290A0092FA72B6C00C4C0FD /* Build configuration list for PBXNativeTarget "mcpnotes-server" */;
			buildPhases = (
				E290A0042FA72B6C00C4C0FD /* Sources */,
				E290A0052FA72B6C00C4C0FD /* Frameworks */,
				E290A0062FA72B6C00C4C0FD /* Resources */,
			);
			buildRules = (
			);
			dependencies = (
			);
			fileSystemSynchronizedGroups = (
				E290A0022FA72B6C00C4C0FD /* mcpnotes-server */,
			);
			name = "mcpnotes-server";
			packageProductDependencies = (
				E290A00A2FA72B6C00C4C0FD /* MCP */,
				E290C0032FA72B6C00C4C0FD /* USearch */,
			);
			productName = "mcpnotes-server";
			productReference = E290A0012FA72B6C00C4C0FD /* mcpnotes-server */;
			productType = "com.apple.product-type.tool";
		};
		E290D0032FA72B6C00C4C0FD /* mcpnotes-serverTests */ = {
			isa = PBXNativeTarget;
			buildConfigurationList = E290D0092FA72B6C00C4C0FD /* Build configuration list for PBXNativeTarget "mcpnotes-serverTests" */;
			buildPhases = (
				E290D0042FA72B6C00C4C0FD /* Sources */,
				E290D0052FA72B6C00C4C0FD /* Frameworks */,
				E290D0062FA72B6C00C4C0FD /* Resources */,
			);
			buildRules = (
			);
			dependencies = (
				E290D00A2FA72B6C00C4C0FD /* PBXTargetDependency */,
			);
			fileSystemSynchronizedGroups = (
				E290A0022FA72B6C00C4C0FD /* mcpnotes-server */,
				E290D0022FA72B6C00C4C0FD /* mcpnotes-serverTests */,
			);
			name = "mcpnotes-serverTests";
			packageProductDependencies = (
				E290E0062FA72B6C00C4C0FD /* MCP */,
				E290E0072FA72B6C00C4C0FD /* Embeddings */,
				E290E0082FA72B6C00C4C0FD /* MLTensorUtils */,
				E290E0092FA72B6C00C4C0FD /* USearch */,
			);
			productName = "mcpnotes-serverTests";
			productReference = E290D0012FA72B6C00C4C0FD /* mcpnotes-serverTests.xctest */;
			productType = "com.apple.product-type.bundle.unit-test";
		};
/* End PBXNativeTarget section */

/* Begin PBXProject section */
		E29098762FA72B6C00C4C0FD /* Project object */ = {
			isa = PBXProject;
			attributes = {
				BuildIndependentTargetsInParallel = 1;
				LastSwiftUpdateCheck = 2650;
				LastUpgradeCheck = 2630;
				TargetAttributes = {
					E205F33B2FF4E70400A61BEB = {
						CreatedOnToolsVersion = 26.5;
					};
					E290987D2FA72B6C00C4C0FD = {
						CreatedOnToolsVersion = 26.3;
					};
					E290988A2FA72B6E00C4C0FD = {
						CreatedOnToolsVersion = 26.3;
						TestTargetID = E290987D2FA72B6C00C4C0FD;
					};
					E29098942FA72B6E00C4C0FD = {
						CreatedOnToolsVersion = 26.3;
						TestTargetID = E290987D2FA72B6C00C4C0FD;
					};
					E290A0032FA72B6C00C4C0FD = {
						CreatedOnToolsVersion = 26.3;
					};
					E290D0032FA72B6C00C4C0FD = {
						CreatedOnToolsVersion = 26.3;
						TestTargetID = E290A0032FA72B6C00C4C0FD;
					};
				};
			};
			buildConfigurationList = E29098792FA72B6C00C4C0FD /* Build configuration list for PBXProject "mcpnotes-mac" */;
			developmentRegion = en;
			hasScannedForEncodings = 0;
			knownRegions = (
				en,
				Base,
			);
			mainGroup = E29098752FA72B6C00C4C0FD;
			minimizedProjectReferenceProxies = 1;
			packageReferences = (
				E29098A82FA7341600C4C0FD /* XCRemoteSwiftPackageReference "swift-sdk" */,
				E29098AF2FA7345500C4C0FD /* XCRemoteSwiftPackageReference "swift-embeddings" */,
				E29098F72FA9BC7C00C4C0FD /* XCRemoteSwiftPackageReference "USearch" */,
			);
			preferredProjectObjectVersion = 77;
			productRefGroup = E290987F2FA72B6C00C4C0FD /* Products */;
			projectDirPath = "";
			projectRoot = "";
			targets = (
				E290987D2FA72B6C00C4C0FD /* mcpnotes-app */,
				E290A0032FA72B6C00C4C0FD /* mcpnotes-server */,
				E290D0032FA72B6C00C4C0FD /* mcpnotes-serverTests */,
				E290988A2FA72B6E00C4C0FD /* mcpnotes-appTests */,
				E29098942FA72B6E00C4C0FD /* mcpnotes-appUITests */,
				E205F33B2FF4E70400A61BEB /* mcpnotes-embeddings */,
			);
		};
/* End PBXProject section */

/* Begin PBXResourcesBuildPhase section */
		E205F33A2FF4E70400A61BEB /* Resources */ = {
			isa = PBXResourcesBuildPhase;
			buildActionMask = 2147483647;
			files = (
			);
			runOnlyForDeploymentPostprocessing = 0;
		};
		E290987C2FA72B6C00C4C0FD /* Resources */ = {
			isa = PBXResourcesBuildPhase;
			buildActionMask = 2147483647;
			files = (
			);
			runOnlyForDeploymentPostprocessing = 0;
		};
		E29098892FA72B6E00C4C0FD /* Resources */ = {
			isa = PBXResourcesBuildPhase;
			buildActionMask = 2147483647;
			files = (
			);
			runOnlyForDeploymentPostprocessing = 0;
		};
		E29098932FA72B6E00C4C0FD /* Resources */ = {
			isa = PBXResourcesBuildPhase;
			buildActionMask = 2147483647;
			files = (
			);
			runOnlyForDeploymentPostprocessing = 0;
		};
		E290A0062FA72B6C00C4C0FD /* Resources */ = {
			isa = PBXResourcesBuildPhase;
			buildActionMask = 2147483647;
			files = (
			);
			runOnlyForDeploymentPostprocessing = 0;
		};
		E290D0062FA72B6C00C4C0FD /* Resources */ = {
			isa = PBXResourcesBuildPhase;
			buildActionMask = 2147483647;
			files = (
			);
			runOnlyForDeploymentPostprocessing = 0;
		};
/* End PBXResourcesBuildPhase section */

/* Begin PBXSourcesBuildPhase section */
		E205F3382FF4E70400A61BEB /* Sources */ = {
			isa = PBXSourcesBuildPhase;
			buildActionMask = 2147483647;
			files = (
			);
			runOnlyForDeploymentPostprocessing = 0;
		};
		E290987A2FA72B6C00C4C0FD /* Sources */ = {
			isa = PBXSourcesBuildPhase;
			buildActionMask = 2147483647;
			files = (
			);
			runOnlyForDeploymentPostprocessing = 0;
		};
		E29098872FA72B6E00C4C0FD /* Sources */ = {
			isa = PBXSourcesBuildPhase;
			buildActionMask = 2147483647;
			files = (
			);
			runOnlyForDeploymentPostprocessing = 0;
		};
		E29098912FA72B6E00C4C0FD /* Sources */ = {
			isa = PBXSourcesBuildPhase;
			buildActionMask = 2147483647;
			files = (
			);
			runOnlyForDeploymentPostprocessing = 0;
		};
		E290A0042FA72B6C00C4C0FD /* Sources */ = {
			isa = PBXSourcesBuildPhase;
			buildActionMask = 2147483647;
			files = (
			);
			runOnlyForDeploymentPostprocessing = 0;
		};
		E290D0042FA72B6C00C4C0FD /* Sources */ = {
			isa = PBXSourcesBuildPhase;
			buildActionMask = 2147483647;
			files = (
			);
			runOnlyForDeploymentPostprocessing = 0;
		};
/* End PBXSourcesBuildPhase section */

/* Begin PBXTargetDependency section */
		E205F3552FF4EB1700A61BEB /* PBXTargetDependency */ = {
			isa = PBXTargetDependency;
			target = E205F33B2FF4E70400A61BEB /* mcpnotes-embeddings */;
			targetProxy = E205F3542FF4EB1700A61BEB /* PBXContainerItemProxy */;
		};
		E290988D2FA72B6E00C4C0FD /* PBXTargetDependency */ = {
			isa = PBXTargetDependency;
			target = E290987D2FA72B6C00C4C0FD /* mcpnotes-app */;
			targetProxy = E290988C2FA72B6E00C4C0FD /* PBXContainerItemProxy */;
		};
		E29098972FA72B6E00C4C0FD /* PBXTargetDependency */ = {
			isa = PBXTargetDependency;
			target = E290987D2FA72B6C00C4C0FD /* mcpnotes-app */;
			targetProxy = E29098962FA72B6E00C4C0FD /* PBXContainerItemProxy */;
		};
		E290D00A2FA72B6C00C4C0FD /* PBXTargetDependency */ = {
			isa = PBXTargetDependency;
			target = E290A0032FA72B6C00C4C0FD /* mcpnotes-server */;
			targetProxy = E290D00B2FA72B6C00C4C0FD /* PBXContainerItemProxy */;
		};
		E290F0042FA72B6C00C4C0FD /* PBXTargetDependency */ = {
			isa = PBXTargetDependency;
			target = E290A0032FA72B6C00C4C0FD /* mcpnotes-server */;
			targetProxy = E290F0032FA72B6C00C4C0FD /* PBXContainerItemProxy */;
		};
/* End PBXTargetDependency section */

/* Begin XCBuildConfiguration section */
		E205F3492FF4E70400A61BEB /* Debug */ = {
			isa = XCBuildConfiguration;
			buildSettings = {
				CODE_SIGN_ENTITLEMENTS = "mcpnotes-embeddings/mcpnotes-embeddings.entitlements";
				CODE_SIGN_STYLE = Automatic;
				COMBINE_HIDPI_IMAGES = YES;
				CURRENT_PROJECT_VERSION = 1;
				DEVELOPMENT_TEAM = 49MFG3MK9T;
				ENABLE_APP_SANDBOX = YES;
				ENABLE_HARDENED_RUNTIME = YES;
				GENERATE_INFOPLIST_FILE = YES;
				INFOPLIST_FILE = "mcpnotes-embeddings/Info.plist";
				INFOPLIST_KEY_CFBundleDisplayName = "mcpnotes-embeddings";
				INFOPLIST_KEY_NSHumanReadableCopyright = "";
				MACOSX_DEPLOYMENT_TARGET = 26;
				MARKETING_VERSION = 1.0;
				PRODUCT_BUNDLE_IDENTIFIER = "mcpnotes-embeddings";
				PRODUCT_NAME = "$(TARGET_NAME)";
				REGISTER_APP_GROUPS = YES;
				SKIP_INSTALL = YES;
				STRING_CATALOG_GENERATE_SYMBOLS = YES;
				SWIFT_APPROACHABLE_CONCURRENCY = YES;
				SWIFT_EMIT_LOC_STRINGS = YES;
				SWIFT_UPCOMING_FEATURE_MEMBER_IMPORT_VISIBILITY = YES;
				SWIFT_VERSION = 5.0;
			};
			name = Debug;
		};
		E205F34A2FF4E70400A61BEB /* Release */ = {
			isa = XCBuildConfiguration;
			buildSettings = {
				CODE_SIGN_ENTITLEMENTS = "mcpnotes-embeddings/mcpnotes-embeddings.entitlements";
				CODE_SIGN_STYLE = Automatic;
				COMBINE_HIDPI_IMAGES = YES;
				CURRENT_PROJECT_VERSION = 1;
				DEVELOPMENT_TEAM = 49MFG3MK9T;
				ENABLE_APP_SANDBOX = YES;
				ENABLE_HARDENED_RUNTIME = YES;
				GENERATE_INFOPLIST_FILE = YES;
				INFOPLIST_FILE = "mcpnotes-embeddings/Info.plist";
				INFOPLIST_KEY_CFBundleDisplayName = "mcpnotes-embeddings";
				INFOPLIST_KEY_NSHumanReadableCopyright = "";
				MACOSX_DEPLOYMENT_TARGET = 26;
				MARKETING_VERSION = 1.0;
				PRODUCT_BUNDLE_IDENTIFIER = "mcpnotes-embeddings";
				PRODUCT_NAME = "$(TARGET_NAME)";
				REGISTER_APP_GROUPS = YES;
				SKIP_INSTALL = YES;
				STRING_CATALOG_GENERATE_SYMBOLS = YES;
				SWIFT_APPROACHABLE_CONCURRENCY = YES;
				SWIFT_EMIT_LOC_STRINGS = YES;
				SWIFT_UPCOMING_FEATURE_MEMBER_IMPORT_VISIBILITY = YES;
				SWIFT_VERSION = 5.0;
			};
			name = Release;
		};
		E290989D2FA72B6E00C4C0FD /* Debug */ = {
			isa = XCBuildConfiguration;
			buildSettings = {
				ALWAYS_SEARCH_USER_PATHS = NO;
				ASSETCATALOG_COMPILER_GENERATE_SWIFT_ASSET_SYMBOL_EXTENSIONS = YES;
				CLANG_ANALYZER_NONNULL = YES;
				CLANG_ANALYZER_NUMBER_OBJECT_CONVERSION = YES_AGGRESSIVE;
				CLANG_CXX_LANGUAGE_STANDARD = "gnu++20";
				CLANG_ENABLE_MODULES = YES;
				CLANG_ENABLE_OBJC_ARC = YES;
				CLANG_ENABLE_OBJC_WEAK = YES;
				CLANG_WARN_BLOCK_CAPTURE_AUTORELEASING = YES;
				CLANG_WARN_BOOL_CONVERSION = YES;
				CLANG_WARN_COMMA = YES;
				CLANG_WARN_CONSTANT_CONVERSION = YES;
				CLANG_WARN_DEPRECATED_OBJC_IMPLEMENTATIONS = YES;
				CLANG_WARN_DIRECT_OBJC_ISA_USAGE = YES_ERROR;
				CLANG_WARN_DOCUMENTATION_COMMENTS = YES;
				CLANG_WARN_EMPTY_BODY = YES;
				CLANG_WARN_ENUM_CONVERSION = YES;
				CLANG_WARN_INFINITE_RECURSION = YES;
				CLANG_WARN_INT_CONVERSION = YES;
				CLANG_WARN_NON_LITERAL_NULL_CONVERSION = YES;
				CLANG_WARN_OBJC_IMPLICIT_RETAIN_SELF = YES;
				CLANG_WARN_OBJC_LITERAL_CONVERSION = YES;
				CLANG_WARN_OBJC_ROOT_CLASS = YES_ERROR;
				CLANG_WARN_QUOTED_INCLUDE_IN_FRAMEWORK_HEADER = YES;
				CLANG_WARN_RANGE_LOOP_ANALYSIS = YES;
				CLANG_WARN_STRICT_PROTOTYPES = YES;
				CLANG_WARN_SUSPICIOUS_MOVE = YES;
				CLANG_WARN_UNGUARDED_AVAILABILITY = YES_AGGRESSIVE;
				CLANG_WARN_UNREACHABLE_CODE = YES;
				CLANG_WARN__DUPLICATE_METHOD_MATCH = YES;
				COPY_PHASE_STRIP = NO;
				DEBUG_INFORMATION_FORMAT = dwarf;
				DEVELOPMENT_TEAM = 49MFG3MK9T;
				ENABLE_STRICT_OBJC_MSGSEND = YES;
				ENABLE_TESTABILITY = YES;
				ENABLE_USER_SCRIPT_SANDBOXING = YES;
				GCC_C_LANGUAGE_STANDARD = gnu17;
				GCC_DYNAMIC_NO_PIC = NO;
				GCC_NO_COMMON_BLOCKS = YES;
				GCC_OPTIMIZATION_LEVEL = 0;
				GCC_PREPROCESSOR_DEFINITIONS = (
					"DEBUG=1",
					"$(inherited)",
				);
				GCC_WARN_64_TO_32_BIT_CONVERSION = YES;
				GCC_WARN_ABOUT_RETURN_TYPE = YES_ERROR;
				GCC_WARN_UNDECLARED_SELECTOR = YES;
				GCC_WARN_UNINITIALIZED_AUTOS = YES_AGGRESSIVE;
				GCC_WARN_UNUSED_FUNCTION = YES;
				GCC_WARN_UNUSED_VARIABLE = YES;
				LOCALIZATION_PREFERS_STRING_CATALOGS = YES;
				MACOSX_DEPLOYMENT_TARGET = 26.2;
				MTL_ENABLE_DEBUG_INFO = INCLUDE_SOURCE;
				MTL_FAST_MATH = YES;
				ONLY_ACTIVE_ARCH = YES;
				SDKROOT = macosx;
				SWIFT_ACTIVE_COMPILATION_CONDITIONS = "DEBUG $(inherited)";
				SWIFT_OPTIMIZATION_LEVEL = "-Onone";
			};
			name = Debug;
		};
		E290989E2FA72B6E00C4C0FD /* Release */ = {
			isa = XCBuildConfiguration;
			buildSettings = {
				ALWAYS_SEARCH_USER_PATHS = NO;
				ASSETCATALOG_COMPILER_GENERATE_SWIFT_ASSET_SYMBOL_EXTENSIONS = YES;
				CLANG_ANALYZER_NONNULL = YES;
				CLANG_ANALYZER_NUMBER_OBJECT_CONVERSION = YES_AGGRESSIVE;
				CLANG_CXX_LANGUAGE_STANDARD = "gnu++20";
				CLANG_ENABLE_MODULES = YES;
				CLANG_ENABLE_OBJC_ARC = YES;
				CLANG_ENABLE_OBJC_WEAK = YES;
				CLANG_WARN_BLOCK_CAPTURE_AUTORELEASING = YES;
				CLANG_WARN_BOOL_CONVERSION = YES;
				CLANG_WARN_COMMA = YES;
				CLANG_WARN_CONSTANT_CONVERSION = YES;
				CLANG_WARN_DEPRECATED_OBJC_IMPLEMENTATIONS = YES;
				CLANG_WARN_DIRECT_OBJC_ISA_USAGE = YES_ERROR;
				CLANG_WARN_DOCUMENTATION_COMMENTS = YES;
				CLANG_WARN_EMPTY_BODY = YES;
				CLANG_WARN_ENUM_CONVERSION = YES;
				CLANG_WARN_INFINITE_RECURSION = YES;
				CLANG_WARN_INT_CONVERSION = YES;
				CLANG_WARN_NON_LITERAL_NULL_CONVERSION = YES;
				CLANG_WARN_OBJC_IMPLICIT_RETAIN_SELF = YES;
				CLANG_WARN_OBJC_LITERAL_CONVERSION = YES;
				CLANG_WARN_OBJC_ROOT_CLASS = YES_ERROR;
				CLANG_WARN_QUOTED_INCLUDE_IN_FRAMEWORK_HEADER = YES;
				CLANG_WARN_RANGE_LOOP_ANALYSIS = YES;
				CLANG_WARN_STRICT_PROTOTYPES = YES;
				CLANG_WARN_SUSPICIOUS_MOVE = YES;
				CLANG_WARN_UNGUARDED_AVAILABILITY = YES_AGGRESSIVE;
				CLANG_WARN_UNREACHABLE_CODE = YES;
				CLANG_WARN__DUPLICATE_METHOD_MATCH = YES;
				COPY_PHASE_STRIP = NO;
				DEBUG_INFORMATION_FORMAT = "dwarf-with-dsym";
				DEVELOPMENT_TEAM = 49MFG3MK9T;
				ENABLE_NS_ASSERTIONS = NO;
				ENABLE_STRICT_OBJC_MSGSEND = YES;
				ENABLE_USER_SCRIPT_SANDBOXING = YES;
				GCC_C_LANGUAGE_STANDARD = gnu17;
				GCC_NO_COMMON_BLOCKS = YES;
				GCC_WARN_64_TO_32_BIT_CONVERSION = YES;
				GCC_WARN_ABOUT_RETURN_TYPE = YES_ERROR;
				GCC_WARN_UNDECLARED_SELECTOR = YES;
				GCC_WARN_UNINITIALIZED_AUTOS = YES_AGGRESSIVE;
				GCC_WARN_UNUSED_FUNCTION = YES;
				GCC_WARN_UNUSED_VARIABLE = YES;
				LOCALIZATION_PREFERS_STRING_CATALOGS = YES;
				MACOSX_DEPLOYMENT_TARGET = 26.2;
				MTL_ENABLE_DEBUG_INFO = NO;
				MTL_FAST_MATH = YES;
				SDKROOT = macosx;
				SWIFT_COMPILATION_MODE = wholemodule;
			};
			name = Release;
		};
		E29098A02FA72B6E00C4C0FD /* Debug */ = {
			isa = XCBuildConfiguration;
			buildSettings = {
				ASSETCATALOG_COMPILER_APPICON_NAME = AppIcon;
				ASSETCATALOG_COMPILER_GLOBAL_ACCENT_COLOR_NAME = AccentColor;
				CODE_SIGN_ENTITLEMENTS = "mcpnotes-app/mcpnotes-app.entitlements";
				"CODE_SIGN_ENTITLEMENTS[sdk=iphoneos*]" = "mcpnotes-app/mcpnotes-app-iOS.entitlements";
				"CODE_SIGN_ENTITLEMENTS[sdk=iphonesimulator*]" = "mcpnotes-app/mcpnotes-app-iOS.entitlements";
				CODE_SIGN_IDENTITY = "Apple Development";
				"CODE_SIGN_IDENTITY[sdk=macosx*]" = "Apple Development";
				CODE_SIGN_STYLE = Automatic;
				COMBINE_HIDPI_IMAGES = YES;
				CURRENT_PROJECT_VERSION = 14;
				DEVELOPMENT_TEAM = 49MFG3MK9T;
				ENABLE_APP_SANDBOX = YES;
				ENABLE_HARDENED_RUNTIME = YES;
				ENABLE_PREVIEWS = YES;
				ENABLE_USER_SELECTED_FILES = readonly;
				GENERATE_INFOPLIST_FILE = YES;
				INFOPLIST_KEY_CFBundleDisplayName = "MCP Notes";
				INFOPLIST_KEY_LSApplicationCategoryType = "public.app-category.productivity";
				INFOPLIST_KEY_NSAppleEventsUsageDescription = "MCP Notes needs access to Apple Notes to import your notes directly.";
				INFOPLIST_KEY_NSHumanReadableCopyright = "";
				INFOPLIST_KEY_UILaunchScreen_Generation = YES;
				INFOPLIST_KEY_UISupportedInterfaceOrientations = "UIInterfaceOrientationPortrait UIInterfaceOrientationPortraitUpsideDown UIInterfaceOrientationLandscapeLeft UIInterfaceOrientationLandscapeRight";
				IPHONEOS_DEPLOYMENT_TARGET = 26;
				LD_RUNPATH_SEARCH_PATHS = (
					"$(inherited)",
					"@executable_path/../Frameworks",
				);
				MACOSX_DEPLOYMENT_TARGET = 26;
				MARKETING_VERSION = 3.0;
				PRODUCT_BUNDLE_IDENTIFIER = "mcp-notes";
				PRODUCT_MODULE_NAME = mcpnotes_app;
				PRODUCT_NAME = "MCP Notes";
				PROVISIONING_PROFILE_SPECIFIER = "";
				REGISTER_APP_GROUPS = YES;
				STRING_CATALOG_GENERATE_SYMBOLS = YES;
				SUPPORTED_PLATFORMS = "iphoneos iphonesimulator macosx";
				SUPPORTS_MACCATALYST = NO;
				SWIFT_APPROACHABLE_CONCURRENCY = YES;
				SWIFT_DEFAULT_ACTOR_ISOLATION = MainActor;
				SWIFT_EMIT_LOC_STRINGS = YES;
				SWIFT_UPCOMING_FEATURE_MEMBER_IMPORT_VISIBILITY = YES;
				SWIFT_VERSION = 5.0;
				TARGETED_DEVICE_FAMILY = 2;
			};
			name = Debug;
		};
		E29098A12FA72B6E00C4C0FD /* Release */ = {
			isa = XCBuildConfiguration;
			buildSettings = {
				ASSETCATALOG_COMPILER_APPICON_NAME = AppIcon;
				ASSETCATALOG_COMPILER_GLOBAL_ACCENT_COLOR_NAME = AccentColor;
				CODE_SIGN_ENTITLEMENTS = "mcpnotes-app/mcpnotes-app.entitlements";
				"CODE_SIGN_ENTITLEMENTS[sdk=iphoneos*]" = "mcpnotes-app/mcpnotes-app-iOS.entitlements";
				"CODE_SIGN_ENTITLEMENTS[sdk=iphonesimulator*]" = "mcpnotes-app/mcpnotes-app-iOS.entitlements";
				CODE_SIGN_IDENTITY = "Apple Development";
				"CODE_SIGN_IDENTITY[sdk=macosx*]" = "Apple Development";
				CODE_SIGN_STYLE = Automatic;
				COMBINE_HIDPI_IMAGES = YES;
				CURRENT_PROJECT_VERSION = 14;
				DEVELOPMENT_TEAM = 49MFG3MK9T;
				ENABLE_APP_SANDBOX = YES;
				ENABLE_HARDENED_RUNTIME = YES;
				ENABLE_PREVIEWS = YES;
				ENABLE_USER_SELECTED_FILES = readonly;
				GENERATE_INFOPLIST_FILE = YES;
				INFOPLIST_KEY_CFBundleDisplayName = "MCP Notes";
				INFOPLIST_KEY_LSApplicationCategoryType = "public.app-category.productivity";
				INFOPLIST_KEY_NSAppleEventsUsageDescription = "MCP Notes needs access to Apple Notes to import your notes directly.";
				INFOPLIST_KEY_NSHumanReadableCopyright = "";
				INFOPLIST_KEY_UILaunchScreen_Generation = YES;
				INFOPLIST_KEY_UISupportedInterfaceOrientations = "UIInterfaceOrientationPortrait UIInterfaceOrientationPortraitUpsideDown UIInterfaceOrientationLandscapeLeft UIInterfaceOrientationLandscapeRight";
				IPHONEOS_DEPLOYMENT_TARGET = 26;
				LD_RUNPATH_SEARCH_PATHS = (
					"$(inherited)",
					"@executable_path/../Frameworks",
				);
				MACOSX_DEPLOYMENT_TARGET = 26;
				MARKETING_VERSION = 3.0;
				PRODUCT_BUNDLE_IDENTIFIER = "mcp-notes";
				PRODUCT_MODULE_NAME = mcpnotes_app;
				PRODUCT_NAME = "MCP Notes";
				PROVISIONING_PROFILE_SPECIFIER = "";
				REGISTER_APP_GROUPS = YES;
				STRING_CATALOG_GENERATE_SYMBOLS = YES;
				SUPPORTED_PLATFORMS = "iphoneos iphonesimulator macosx";
				SUPPORTS_MACCATALYST = NO;
				SWIFT_APPROACHABLE_CONCURRENCY = YES;
				SWIFT_DEFAULT_ACTOR_ISOLATION = MainActor;
				SWIFT_EMIT_LOC_STRINGS = YES;
				SWIFT_UPCOMING_FEATURE_MEMBER_IMPORT_VISIBILITY = YES;
				SWIFT_VERSION = 5.0;
				TARGETED_DEVICE_FAMILY = 2;
			};
			name = Release;
		};
		E29098A32FA72B6E00C4C0FD /* Debug */ = {
			isa = XCBuildConfiguration;
			buildSettings = {
				BUNDLE_LOADER = "$(TEST_HOST)";
				CODE_SIGN_STYLE = Automatic;
				CURRENT_PROJECT_VERSION = 4;
				DEVELOPMENT_TEAM = 49MFG3MK9T;
				GENERATE_INFOPLIST_FILE = YES;
				IPHONEOS_DEPLOYMENT_TARGET = 26;
				MACOSX_DEPLOYMENT_TARGET = 26.2;
				MARKETING_VERSION = 1.0;
				PRODUCT_BUNDLE_IDENTIFIER = "mcp-notes.mcpnotes-appTests";
				PRODUCT_NAME = "$(TARGET_NAME)";
				STRING_CATALOG_GENERATE_SYMBOLS = NO;
				SUPPORTED_PLATFORMS = "iphoneos iphonesimulator macosx";
				SWIFT_APPROACHABLE_CONCURRENCY = YES;
				SWIFT_EMIT_LOC_STRINGS = NO;
				SWIFT_UPCOMING_FEATURE_MEMBER_IMPORT_VISIBILITY = YES;
				SWIFT_VERSION = 5.0;
				TARGETED_DEVICE_FAMILY = 2;
				TEST_HOST = "$(BUILT_PRODUCTS_DIR)/MCP Notes.app/$(BUNDLE_EXECUTABLE_FOLDER_PATH)/MCP Notes";
			};
			name = Debug;
		};
		E29098A42FA72B6E00C4C0FD /* Release */ = {
			isa = XCBuildConfiguration;
			buildSettings = {
				BUNDLE_LOADER = "$(TEST_HOST)";
				CODE_SIGN_STYLE = Automatic;
				CURRENT_PROJECT_VERSION = 4;
				DEVELOPMENT_TEAM = 49MFG3MK9T;
				GENERATE_INFOPLIST_FILE = YES;
				IPHONEOS_DEPLOYMENT_TARGET = 26;
				MACOSX_DEPLOYMENT_TARGET = 26.2;
				MARKETING_VERSION = 1.0;
				PRODUCT_BUNDLE_IDENTIFIER = "mcp-notes.mcpnotes-appTests";
				PRODUCT_NAME = "$(TARGET_NAME)";
				STRING_CATALOG_GENERATE_SYMBOLS = NO;
				SUPPORTED_PLATFORMS = "iphoneos iphonesimulator macosx";
				SWIFT_APPROACHABLE_CONCURRENCY = YES;
				SWIFT_EMIT_LOC_STRINGS = NO;
				SWIFT_UPCOMING_FEATURE_MEMBER_IMPORT_VISIBILITY = YES;
				SWIFT_VERSION = 5.0;
				TARGETED_DEVICE_FAMILY = 2;
				TEST_HOST = "$(BUILT_PRODUCTS_DIR)/MCP Notes.app/$(BUNDLE_EXECUTABLE_FOLDER_PATH)/MCP Notes";
			};
			name = Release;
		};
		E29098A62FA72B6E00C4C0FD /* Debug */ = {
			isa = XCBuildConfiguration;
			buildSettings = {
				CODE_SIGN_STYLE = Automatic;
				CURRENT_PROJECT_VERSION = 4;
				DEVELOPMENT_TEAM = 49MFG3MK9T;
				GENERATE_INFOPLIST_FILE = YES;
				MARKETING_VERSION = 1.0;
				PRODUCT_BUNDLE_IDENTIFIER = "mcp-notes.mcpnotes-appUITests";
				PRODUCT_NAME = "$(TARGET_NAME)";
				STRING_CATALOG_GENERATE_SYMBOLS = NO;
				SWIFT_APPROACHABLE_CONCURRENCY = YES;
				SWIFT_EMIT_LOC_STRINGS = NO;
				SWIFT_UPCOMING_FEATURE_MEMBER_IMPORT_VISIBILITY = YES;
				SWIFT_VERSION = 5.0;
				TEST_TARGET_NAME = "mcpnotes-app";
			};
			name = Debug;
		};
		E29098A72FA72B6E00C4C0FD /* Release */ = {
			isa = XCBuildConfiguration;
			buildSettings = {
				CODE_SIGN_STYLE = Automatic;
				CURRENT_PROJECT_VERSION = 4;
				DEVELOPMENT_TEAM = 49MFG3MK9T;
				GENERATE_INFOPLIST_FILE = YES;
				MARKETING_VERSION = 1.0;
				PRODUCT_BUNDLE_IDENTIFIER = "mcp-notes.mcpnotes-appUITests";
				PRODUCT_NAME = "$(TARGET_NAME)";
				STRING_CATALOG_GENERATE_SYMBOLS = NO;
				SWIFT_APPROACHABLE_CONCURRENCY = YES;
				SWIFT_EMIT_LOC_STRINGS = NO;
				SWIFT_UPCOMING_FEATURE_MEMBER_IMPORT_VISIBILITY = YES;
				SWIFT_VERSION = 5.0;
				TEST_TARGET_NAME = "mcpnotes-app";
			};
			name = Release;
		};
		E290A0072FA72B6C00C4C0FD /* Debug */ = {
			isa = XCBuildConfiguration;
			buildSettings = {
				CODE_SIGN_IDENTITY = "-";
				CODE_SIGN_STYLE = Automatic;
				CREATE_INFOPLIST_SECTION_IN_BINARY = YES;
				CURRENT_PROJECT_VERSION = 4;
				DEVELOPMENT_TEAM = 49MFG3MK9T;
				GENERATE_INFOPLIST_FILE = YES;
				MACOSX_DEPLOYMENT_TARGET = 26;
				MARKETING_VERSION = 1.0;
				PRODUCT_BUNDLE_IDENTIFIER = "mcp-notes.mcpnotes-server";
				PRODUCT_NAME = "$(TARGET_NAME)";
				SKIP_INSTALL = YES;
				SWIFT_APPROACHABLE_CONCURRENCY = YES;
				SWIFT_UPCOMING_FEATURE_MEMBER_IMPORT_VISIBILITY = YES;
				SWIFT_VERSION = 5.0;
			};
			name = Debug;
		};
		E290A0082FA72B6C00C4C0FD /* Release */ = {
			isa = XCBuildConfiguration;
			buildSettings = {
				CODE_SIGN_ENTITLEMENTS = "mcpnotes-server/mcpnotes-server.entitlements";
				CODE_SIGN_STYLE = Automatic;
				CREATE_INFOPLIST_SECTION_IN_BINARY = YES;
				CURRENT_PROJECT_VERSION = 4;
				DEVELOPMENT_TEAM = 49MFG3MK9T;
				ENABLE_APP_SANDBOX = YES;
				ENABLE_HARDENED_RUNTIME = YES;
				GENERATE_INFOPLIST_FILE = YES;
				MACOSX_DEPLOYMENT_TARGET = 26;
				MARKETING_VERSION = 1.0;
				PRODUCT_BUNDLE_IDENTIFIER = "mcp-notes.mcpnotes-server";
				PRODUCT_NAME = "$(TARGET_NAME)";
				SKIP_INSTALL = YES;
				SWIFT_APPROACHABLE_CONCURRENCY = YES;
				SWIFT_UPCOMING_FEATURE_MEMBER_IMPORT_VISIBILITY = YES;
				SWIFT_VERSION = 5.0;
			};
			name = Release;
		};
		E290D0072FA72B6C00C4C0FD /* Debug */ = {
			isa = XCBuildConfiguration;
			buildSettings = {
				CODE_SIGN_STYLE = Automatic;
				CURRENT_PROJECT_VERSION = 4;
				DEVELOPMENT_TEAM = 49MFG3MK9T;
				GENERATE_INFOPLIST_FILE = YES;
				MACOSX_DEPLOYMENT_TARGET = 26;
				MARKETING_VERSION = 1.0;
				PRODUCT_BUNDLE_IDENTIFIER = "mcp-notes.mcpnotes-serverTests";
				PRODUCT_NAME = "$(TARGET_NAME)";
				STRING_CATALOG_GENERATE_SYMBOLS = NO;
				SWIFT_APPROACHABLE_CONCURRENCY = YES;
				SWIFT_EMIT_LOC_STRINGS = NO;
				SWIFT_UPCOMING_FEATURE_MEMBER_IMPORT_VISIBILITY = YES;
				SWIFT_VERSION = 5.0;
			};
			name = Debug;
		};
		E290D0082FA72B6C00C4C0FD /* Release */ = {
			isa = XCBuildConfiguration;
			buildSettings = {
				CODE_SIGN_STYLE = Automatic;
				CURRENT_PROJECT_VERSION = 4;
				DEVELOPMENT_TEAM = 49MFG3MK9T;
				GENERATE_INFOPLIST_FILE = YES;
				MACOSX_DEPLOYMENT_TARGET = 26;
				MARKETING_VERSION = 1.0;
				PRODUCT_BUNDLE_IDENTIFIER = "mcp-notes.mcpnotes-serverTests";
				PRODUCT_NAME = "$(TARGET_NAME)";
				STRING_CATALOG_GENERATE_SYMBOLS = NO;
				SWIFT_APPROACHABLE_CONCURRENCY = YES;
				SWIFT_EMIT_LOC_STRINGS = NO;
				SWIFT_UPCOMING_FEATURE_MEMBER_IMPORT_VISIBILITY = YES;
				SWIFT_VERSION = 5.0;
			};
			name = Release;
		};
/* End XCBuildConfiguration section */

/* Begin XCConfigurationList section */
		E205F34C2FF4E70400A61BEB /* Build configuration list for PBXNativeTarget "mcpnotes-embeddings" */ = {
			isa = XCConfigurationList;
			buildConfigurations = (
				E205F3492FF4E70400A61BEB /* Debug */,
				E205F34A2FF4E70400A61BEB /* Release */,
			);
			defaultConfigurationIsVisible = 0;
			defaultConfigurationName = Release;
		};
		E29098792FA72B6C00C4C0FD /* Build configuration list for PBXProject "mcpnotes-mac" */ = {
			isa = XCConfigurationList;
			buildConfigurations = (
				E290989D2FA72B6E00C4C0FD /* Debug */,
				E290989E2FA72B6E00C4C0FD /* Release */,
			);
			defaultConfigurationIsVisible = 0;
			defaultConfigurationName = Release;
		};
		E290989F2FA72B6E00C4C0FD /* Build configuration list for PBXNativeTarget "mcpnotes-app" */ = {
			isa = XCConfigurationList;
			buildConfigurations = (
				E29098A02FA72B6E00C4C0FD /* Debug */,
				E29098A12FA72B6E00C4C0FD /* Release */,
			);
			defaultConfigurationIsVisible = 0;
			defaultConfigurationName = Release;
		};
		E29098A22FA72B6E00C4C0FD /* Build configuration list for PBXNativeTarget "mcpnotes-appTests" */ = {
			isa = XCConfigurationList;
			buildConfigurations = (
				E29098A32FA72B6E00C4C0FD /* Debug */,
				E29098A42FA72B6E00C4C0FD /* Release */,
			);
			defaultConfigurationIsVisible = 0;
			defaultConfigurationName = Release;
		};
		E29098A52FA72B6E00C4C0FD /* Build configuration list for PBXNativeTarget "mcpnotes-appUITests" */ = {
			isa = XCConfigurationList;
			buildConfigurations = (
				E29098A62FA72B6E00C4C0FD /* Debug */,
				E29098A72FA72B6E00C4C0FD /* Release */,
			);
			defaultConfigurationIsVisible = 0;
			defaultConfigurationName = Release;
		};
		E290A0092FA72B6C00C4C0FD /* Build configuration list for PBXNativeTarget "mcpnotes-server" */ = {
			isa = XCConfigurationList;
			buildConfigurations = (
				E290A0072FA72B6C00C4C0FD /* Debug */,
				E290A0082FA72B6C00C4C0FD /* Release */,
			);
			defaultConfigurationIsVisible = 0;
			defaultConfigurationName = Release;
		};
		E290D0092FA72B6C00C4C0FD /* Build configuration list for PBXNativeTarget "mcpnotes-serverTests" */ = {
			isa = XCConfigurationList;
			buildConfigurations = (
				E290D0072FA72B6C00C4C0FD /* Debug */,
				E290D0082FA72B6C00C4C0FD /* Release */,
			);
			defaultConfigurationIsVisible = 0;
			defaultConfigurationName = Release;
		};
/* End XCConfigurationList section */

/* Begin XCRemoteSwiftPackageReference section */
		E29098A82FA7341600C4C0FD /* XCRemoteSwiftPackageReference "swift-sdk" */ = {
			isa = XCRemoteSwiftPackageReference;
			repositoryURL = "https://github.com/modelcontextprotocol/swift-sdk";
			requirement = {
				kind = exactVersion;
				version = 0.12.0;
			};
		};
		E29098AF2FA7345500C4C0FD /* XCRemoteSwiftPackageReference "swift-embeddings" */ = {
			isa = XCRemoteSwiftPackageReference;
			repositoryURL = "https://github.com/jkrukowski/swift-embeddings";
			requirement = {
				kind = exactVersion;
				version = 0.0.26;
			};
		};
		E29098F72FA9BC7C00C4C0FD /* XCRemoteSwiftPackageReference "USearch" */ = {
			isa = XCRemoteSwiftPackageReference;
			repositoryURL = "https://github.com/unum-cloud/USearch";
			requirement = {
				kind = exactVersion;
				version = 2.15.0;
			};
		};
/* End XCRemoteSwiftPackageReference section */

/* Begin XCSwiftPackageProductDependency section */
		AABB000000000001 /* Embeddings */ = {
			isa = XCSwiftPackageProductDependency;
			package = E29098AF2FA7345500C4C0FD /* XCRemoteSwiftPackageReference "swift-embeddings" */;
			productName = Embeddings;
		};
		AABB000000000002 /* MLTensorUtils */ = {
			isa = XCSwiftPackageProductDependency;
			package = E29098AF2FA7345500C4C0FD /* XCRemoteSwiftPackageReference "swift-embeddings" */;
			productName = MLTensorUtils;
		};
		AABB000000000003 /* USearch */ = {
			isa = XCSwiftPackageProductDependency;
			package = E29098F72FA9BC7C00C4C0FD /* XCRemoteSwiftPackageReference "USearch" */;
			productName = USearch;
		};
		E205F3522FF4E9B900A61BEB /* Embeddings */ = {
			isa = XCSwiftPackageProductDependency;
			package = E29098AF2FA7345500C4C0FD /* XCRemoteSwiftPackageReference "swift-embeddings" */;
			productName = Embeddings;
		};
		E29098A92FA7341600C4C0FD /* MCP */ = {
			isa = XCSwiftPackageProductDependency;
			package = E29098A82FA7341600C4C0FD /* XCRemoteSwiftPackageReference "swift-sdk" */;
			productName = MCP;
		};
		E290A00A2FA72B6C00C4C0FD /* MCP */ = {
			isa = XCSwiftPackageProductDependency;
			package = E29098A82FA7341600C4C0FD /* XCRemoteSwiftPackageReference "swift-sdk" */;
			productName = MCP;
		};
		E290C0032FA72B6C00C4C0FD /* USearch */ = {
			isa = XCSwiftPackageProductDependency;
			package = E29098F72FA9BC7C00C4C0FD /* XCRemoteSwiftPackageReference "USearch" */;
			productName = USearch;
		};
		E290E0062FA72B6C00C4C0FD /* MCP */ = {
			isa = XCSwiftPackageProductDependency;
			package = E29098A82FA7341600C4C0FD /* XCRemoteSwiftPackageReference "swift-sdk" */;
			productName = MCP;
		};
		E290E0072FA72B6C00C4C0FD /* Embeddings */ = {
			isa = XCSwiftPackageProductDependency;
			package = E29098AF2FA7345500C4C0FD /* XCRemoteSwiftPackageReference "swift-embeddings" */;
			productName = Embeddings;
		};
		E290E0082FA72B6C00C4C0FD /* MLTensorUtils */ = {
			isa = XCSwiftPackageProductDependency;
			package = E29098AF2FA7345500C4C0FD /* XCRemoteSwiftPackageReference "swift-embeddings" */;
			productName = MLTensorUtils;
		};
		E290E0092FA72B6C00C4C0FD /* USearch */ = {
			isa = XCSwiftPackageProductDependency;
			package = E29098F72FA9BC7C00C4C0FD /* XCRemoteSwiftPackageReference "USearch" */;
			productName = USearch;
		};
/* End XCSwiftPackageProductDependency section */
	};
	rootObject = E29098762FA72B6C00C4C0FD /* Project object */;
}
